[root]
name = "veos"
version = "0.1.0"
dependencies = [
 "allocator_stub 0.1.0 (registry+https://github.com/rust-lang/crates.io-index)",
 "bitflags 0.8.2 (registry+https://github.com/rust-lang/crates.io-index)",
 "lazy_static 0.2.8 (registry+https://github.com/rust-lang/crates.io-index)",
 "once 0.3.2 (registry+https://github.com/rust-lang/crates.io-index)",
 "raw-cpuid 3.0.0 (registry+https://github.com/rust-lang/crates.io-index)",
 "rlibc 1.0.0 (registry+https://github.com/rust-lang/crates.io-index)",
 "spin 0.4.5 (registry+https://github.com/rust-lang/crates.io-index)",
 "volatile 0.1.0 (registry+https://github.com/rust-lang/crates.io-index)",
 "x86_64 0.1.2 (registry+https://github.com/rust-lang/crates.io-index)",
]

[[package]]
name = "allocator_stub"
version = "0.1.0"
source = "registry+https://github.com/rust-lang/crates.io-index"

[[package]]
name = "bit_field"
version = "0.7.0"
source = "registry+https://github.com/rust-lang/crates.io-index"

[[package]]
name = "bitflags"
version = "0.7.0"
source = "registry+https://github.com/rust-lang/crates.io-index"

[[package]]
name = "bitflags"
version = "0.8.2"
source = "registry+https://github.com/rust-lang/crates.io-index"

[[package]]
name = "gcc"
version = "0.3.51"
source = "registry+https://github.com/rust-lang/crates.io-index"

[[package]]
name = "lazy_static"
version = "0.2.8"
source = "registry+https://github.com/rust-lang/crates.io-index"
dependencies = [
 "spin 0.4.5 (registry+https://github.com/rust-lang/crates.io-index)",
]

[[package]]
name = "once"
version = "0.3.2"
source = "registry+https://github.com/rust-lang/crates.io-index"

[[package]]
name = "raw-cpuid"
version = "3.0.0"
source = "registry+https://github.com/rust-lang/crates.io-index"
dependencies = [
 "bitflags 0.7.0 (registry+https://github.com/rust-lang/crates.io-index)",
 "gcc 0.3.51 (registry+https://github.com/rust-lang/crates.io-index)",
]

[[package]]
name = "rlibc"
version = "1.0.0"
source = "registry+https://github.com/rust-lang/crates.io-index"

[[package]]
name = "spin"
version = "0.4.5"
source = "registry+https://github.com/rust-lang/crates.io-index"

[[package]]
name = "volatile"
version = "0.1.0"
source = "registry+https://github.com/rust-lang/crates.io-index"

[[package]]
name = "x86_64"
version = "0.1.2"
source = "registry+https://github.com/rust-lang/crates.io-index"
dependencies = [
 "bit_field 0.7.0 (registry+https://github.com/rust-lang/crates.io-index)",
]

[metadata]
"checksum allocator_stub 0.1.0 (registry+https://github.com/rust-lang/crates.io-index)" = "b5841e815528af2e67788da28aaab52f244dfcb634a85220cbb6a0c0ccd438af"
"checksum bit_field 0.7.0 (registry+https://github.com/rust-lang/crates.io-index)" = "ff91a64014e1bc53bf643920f2c9ab5f0980d92a0948295f3ee550e9266849ad"
"checksum bitflags 0.7.0 (registry+https://github.com/rust-lang/crates.io-index)" = "aad18937a628ec6abcd26d1489012cc0e18c21798210f491af69ded9b881106d"
"checksum bitflags 0.8.2 (registry+https://github.com/rust-lang/crates.io-index)" = "1370e9fc2a6ae53aea8b7a5110edbd08836ed87c88736dfabccade1c2b44bff4"
"checksum gcc 0.3.51 (registry+https://github.com/rust-lang/crates.io-index)" = "120d07f202dcc3f72859422563522b66fe6463a4c513df062874daad05f85f0a"
"checksum lazy_static 0.2.8 (registry+https://github.com/rust-lang/crates.io-index)" = "3b37545ab726dd833ec6420aaba8231c5b320814b9029ad585555d2a03e94fbf"
"checksum once 0.3.2 (registry+https://github.com/rust-lang/crates.io-index)" = "1ae5868dd493edd93941c182240a2c019dfe84c7d2de51d4659da32e58688ce9"
"checksum raw-cpuid 3.0.0 (registry+https://github.com/rust-lang/crates.io-index)" = "779585861d55e586db9d6abe4352cd9466e09a3319342c417baf34b2740af74e"
"checksum rlibc 1.0.0 (registry+https://github.com/rust-lang/crates.io-index)" = "fc874b127765f014d792f16763a81245ab80500e2ad921ed4ee9e82481ee08fe"
"checksum spin 0.4.5 (registry+https://github.com/rust-lang/crates.io-index)" = "1d16a26e2b789f86aabddbe91cb82ee2e822beb8a59840d631941b625ef77e53"
"checksum volatile 0.1.0 (registry+https://github.com/rust-lang/crates.io-index)" = "37c5d76c0f40ba4f8ac10ec4717d4e98ce3e58c5607eea36e9464226fc5e0a95"
"checksum x86_64 0.1.2 (registry+https://github.com/rust-lang/crates.io-index)" = "73464a8ba159d4fdbfdbea0911c9d06887a4dbbb0f0521742c545f3e11bc8ea4"
